// !$*UTF8*$!
{
	archiveVersion = 1;
	classes = {
	};
	objectVersion = 50;
	objects = {

/* Begin PBXFileReference section */
		DE41868021FD8766001F71F1 /* PSPluginPOC.bundle */ = {isa = PBXFileReference; explicitFileType = wrapper.cfbundle; includeInIndex = 0; path = PSPluginPOC.bundle; sourceTree = BUILT_PRODUCTS_DIR; };
		DE41868321FD8766001F71F1 /* Info.plist */ = {isa = PBXFileReference; lastKnownFileType = text.plist.xml; path = Info.plist; sourceTree = "<group>"; };
		DE4186A121FD8A32001F71F1 /* ASPragma.h */ = {isa = PBXFileReference; fileEncoding = 4; lastKnownFileType = sourcecode.c.h; path = ASPragma.h; sourceTree = "<group>"; };
		DE4186A221FD8A32001F71F1 /* PIPatternsSuite.h */ = {isa = PBXFileReference; fileEncoding = 4; lastKnownFileType = sourcecode.c.h; path = PIPatternsSuite.h; sourceTree = "<group>"; };
		DE4186A321FD8A33001F71F1 /* ASTypes.h */ = {isa = PBXFileReference; fileEncoding = 4; lastKnownFileType = sourcecode.c.h; path = ASTypes.h; sourceTree = "<group>"; };
		DE4186A421FD8A33001F71F1 /* PIAbout.h */ = {isa = PBXFileReference; fileEncoding = 4; lastKnownFileType = sourcecode.c.h; path = PIAbout.h; sourceTree = "<group>"; };
		DE4186A521FD8A33001F71F1 /* PIPicker.h */ = {isa = PBXFileReference; fileEncoding = 4; lastKnownFileType = sourcecode.c.h; path = PIPicker.h; sourceTree = "<group>"; };
		DE4186A621FD8A33001F71F1 /* PIChannelPortOperations.h */ = {isa = PBXFileReference; fileEncoding = 4; lastKnownFileType = sourcecode.c.h; path = PIChannelPortOperations.h; sourceTree = "<group>"; };
		DE4186A721FD8A33001F71F1 /* PIProgressSuite.h */ = {isa = PBXFileReference; fileEncoding = 4; lastKnownFileType = sourcecode.c.h; path = PIProgressSuite.h; sourceTree = "<group>"; };
		DE4186A821FD8A33001F71F1 /* PITerminology.h */ = {isa = PBXFileReference; fileEncoding = 4; lastKnownFileType = sourcecode.c.h; path = PITerminology.h; sourceTree = "<group>"; };
		DE4186A921FD8A33001F71F1 /* PIMeasurement.h */ = {isa = PBXFileReference; fileEncoding = 4; lastKnownFileType = sourcecode.c.h; path = PIMeasurement.h; sourceTree = "<group>"; };
		DE4186AA21FD8A33001F71F1 /* PITypes.h */ = {isa = PBXFileReference; fileEncoding = 4; lastKnownFileType = sourcecode.c.h; path = PITypes.h; sourceTree = "<group>"; };
		DE4186AB21FD8A33001F71F1 /* PISelection.h */ = {isa = PBXFileReference; fileEncoding = 4; lastKnownFileType = sourcecode.c.h; path = PISelection.h; sourceTree = "<group>"; };
		DE4186AC21FD8A33001F71F1 /* PIResDefines.h */ = {isa = PBXFileReference; fileEncoding = 4; lastKnownFileType = sourcecode.c.h; path = PIResDefines.h; sourceTree = "<group>"; };
		DE4186AD21FD8A33001F71F1 /* PIFeatureSuite.h */ = {isa = PBXFileReference; fileEncoding = 4; lastKnownFileType = sourcecode.c.h; path = PIFeatureSuite.h; sourceTree = "<group>"; };
		DE4186AE21FD8A33001F71F1 /* ASConfig.h */ = {isa = PBXFileReference; fileEncoding = 4; lastKnownFileType = sourcecode.c.h; path = ASConfig.h; sourceTree = "<group>"; };
		DE4186AF21FD8A33001F71F1 /* PIFilter.h */ = {isa = PBXFileReference; fileEncoding = 4; lastKnownFileType = sourcecode.c.h; path = PIFilter.h; sourceTree = "<group>"; };
		DE4186B021FD8A34001F71F1 /* PIUIHooksSuite.h */ = {isa = PBXFileReference; fileEncoding = 4; lastKnownFileType = sourcecode.c.h; path = PIUIHooksSuite.h; sourceTree = "<group>"; };
		DE4186B121FD8A34001F71F1 /* PIGetFileListSuite.h */ = {isa = PBXFileReference; fileEncoding = 4; lastKnownFileType = sourcecode.c.h; path = PIGetFileListSuite.h; sourceTree = "<group>"; };
		DE4186B221FD8A34001F71F1 /* PIActionsPlugin.h */ = {isa = PBXFileReference; fileEncoding = 4; lastKnownFileType = sourcecode.c.h; path = PIActionsPlugin.h; sourceTree = "<group>"; };
		DE4186B321FD8A34001F71F1 /* JSScriptingSuite.h */ = {isa = PBXFileReference; fileEncoding = 4; lastKnownFileType = sourcecode.c.h; path = JSScriptingSuite.h; sourceTree = "<group>"; };
		DE4186B421FD8A34001F71F1 /* PIColorSpaceSuite.h */ = {isa = PBXFileReference; fileEncoding = 4; lastKnownFileType = sourcecode.c.h; path = PIColorSpaceSuite.h; sourceTree = "<group>"; };
		DE4186B521FD8A34001F71F1 /* ASZStringSuite.h */ = {isa = PBXFileReference; fileEncoding = 4; lastKnownFileType = sourcecode.c.h; path = ASZStringSuite.h; sourceTree = "<group>"; };
		DE4186B621FD8A34001F71F1 /* PIActions.h */ = {isa = PBXFileReference; fileEncoding = 4; lastKnownFileType = sourcecode.c.h; path = PIActions.h; sourceTree = "<group>"; };
		DE4186B721FD8A34001F71F1 /* PSGraphicTypes.h */ = {isa = PBXFileReference; fileEncoding = 4; lastKnownFileType = sourcecode.c.h; path = PSGraphicTypes.h; sourceTree = "<group>"; };
		DE4186B821FD8A34001F71F1 /* PIBufferSuite.h */ = {isa = PBXFileReference; fileEncoding = 4; lastKnownFileType = sourcecode.c.h; path = PIBufferSuite.h; sourceTree = "<group>"; };
		DE4186B921FD8A35001F71F1 /* PIHandleSuite.h */ = {isa = PBXFileReference; fileEncoding = 4; lastKnownFileType = sourcecode.c.h; path = PIHandleSuite.h; sourceTree = "<group>"; };
		DE4186BA21FD8A35001F71F1 /* PIErrorSuite.h */ = {isa = PBXFileReference; fileEncoding = 4; lastKnownFileType = sourcecode.c.h; path = PIErrorSuite.h; sourceTree = "<group>"; };
		DE4186BB21FD8A35001F71F1 /* PIFormat.h */ = {isa = PBXFileReference; fileEncoding = 4; lastKnownFileType = sourcecode.c.h; path = PIFormat.h; sourceTree = "<group>"; };
		DE4186BC21FD8A35001F71F1 /* PIProperties.h */ = {isa = PBXFileReference; fileEncoding = 4; lastKnownFileType = sourcecode.c.h; path = PIProperties.h; sourceTree = "<group>"; };
		DE4186BD21FD8A35001F71F1 /* PIGeneral.h */ = {isa = PBXFileReference; fileEncoding = 4; lastKnownFileType = sourcecode.c.h; path = PIGeneral.h; sourceTree = "<group>"; };
		DE4186BE21FD8A35001F71F1 /* PIAliasSuite.h */ = {isa = PBXFileReference; fileEncoding = 4; lastKnownFileType = sourcecode.c.h; path = PIAliasSuite.h; sourceTree = "<group>"; };
		DE4186BF21FD8A35001F71F1 /* PSIntTypes.h */ = {isa = PBXFileReference; fileEncoding = 4; lastKnownFileType = sourcecode.c.h; path = PSIntTypes.h; sourceTree = "<group>"; };
		DE4186C021FD8A35001F71F1 /* PI3D.h */ = {isa = PBXFileReference; fileEncoding = 4; lastKnownFileType = sourcecode.c.h; path = PI3D.h; sourceTree = "<group>"; };
		DE4186C121FD8A36001F71F1 /* PIGetPathSuite.h */ = {isa = PBXFileReference; fileEncoding = 4; lastKnownFileType = sourcecode.c.h; path = PIGetPathSuite.h; sourceTree = "<group>"; };
		DE4186C221FD8A36001F71F1 /* PIStringTerminology.h */ = {isa = PBXFileReference; fileEncoding = 4; lastKnownFileType = sourcecode.c.h; path = PIStringTerminology.h; sourceTree = "<group>"; };
		DE4186C321FD8A36001F71F1 /* ASPreInclude.h */ = {isa = PBXFileReference; fileEncoding = 4; lastKnownFileType = sourcecode.c.h; path = ASPreInclude.h; sourceTree = "<group>"; };
		DE4186C421FD8A36001F71F1 /* PIExport.h */ = {isa = PBXFileReference; fileEncoding = 4; lastKnownFileType = sourcecode.c.h; path = PIExport.h; sourceTree = "<group>"; };
		DE4186C521FD8A36001F71F1 /* PIAcquire.h */ = {isa = PBXFileReference; fileEncoding = 4; lastKnownFileType = sourcecode.c.h; path = PIAcquire.h; sourceTree = "<group>"; };
		DE4186C621FD8A36001F71F1 /* PIChannelPortsSuite.h */ = {isa = PBXFileReference; fileEncoding = 4; lastKnownFileType = sourcecode.c.h; path = PIChannelPortsSuite.h; sourceTree = "<group>"; };
		DE4186C721FD8A36001F71F1 /* PSErrorDefines.h */ = {isa = PBXFileReference; fileEncoding = 4; lastKnownFileType = sourcecode.c.h; path = PSErrorDefines.h; sourceTree = "<group>"; };
/* End PBXFileReference section */

/* Begin PBXFrameworksBuildPhase section */
		DE41867D21FD8766001F71F1 /* Frameworks */ = {
			isa = PBXFrameworksBuildPhase;
			buildActionMask = 2147483647;
			files = (
			);
			runOnlyForDeploymentPostprocessing = 0;
		};
/* End PBXFrameworksBuildPhase section */

/* Begin PBXGroup section */
		DE41867721FD8766001F71F1 = {
			isa = PBXGroup;
			children = (
				DE41868221FD8766001F71F1 /* PSPluginPOC */,
				DE41868121FD8766001F71F1 /* Products */,
			);
			sourceTree = "<group>";
		};
		DE41868121FD8766001F71F1 /* Products */ = {
			isa = PBXGroup;
			children = (
				DE41868021FD8766001F71F1 /* PSPluginPOC.bundle */,
			);
			name = Products;
			sourceTree = "<group>";
		};
		DE41868221FD8766001F71F1 /* PSPluginPOC */ = {
			isa = PBXGroup;
			children = (
				DE41869F21FD8870001F71F1 /* sdk */,
				DE41868321FD8766001F71F1 /* Info.plist */,
			);
			path = PSPluginPOC;
			sourceTree = "<group>";
		};
		DE41869F21FD8870001F71F1 /* sdk */ = {
			isa = PBXGroup;
			children = (
				DE4186AE21FD8A33001F71F1 /* ASConfig.h */,
				DE4186A121FD8A32001F71F1 /* ASPragma.h */,
				DE4186C321FD8A36001F71F1 /* ASPreInclude.h */,
				DE4186A321FD8A33001F71F1 /* ASTypes.h */,
				DE4186B521FD8A34001F71F1 /* ASZStringSuite.h */,
				DE4186B321FD8A34001F71F1 /* JSScriptingSuite.h */,
				DE4186C021FD8A35001F71F1 /* PI3D.h */,
				DE4186A421FD8A33001F71F1 /* PIAbout.h */,
				DE4186C521FD8A36001F71F1 /* PIAcquire.h */,
				DE4186B621FD8A34001F71F1 /* PIActions.h */,
				DE4186B221FD8A34001F71F1 /* PIActionsPlugin.h */,
				DE4186BE21FD8A35001F71F1 /* PIAliasSuite.h */,
				DE4186B821FD8A34001F71F1 /* PIBufferSuite.h */,
				DE4186A621FD8A33001F71F1 /* PIChannelPortOperations.h */,
				DE4186C621FD8A36001F71F1 /* PIChannelPortsSuite.h */,
				DE4186B421FD8A34001F71F1 /* PIColorSpaceSuite.h */,
				DE4186BA21FD8A35001F71F1 /* PIErrorSuite.h */,
				DE4186C421FD8A36001F71F1 /* PIExport.h */,
				DE4186AD21FD8A33001F71F1 /* PIFeatureSuite.h */,
				DE4186AF21FD8A33001F71F1 /* PIFilter.h */,
				DE4186BB21FD8A35001F71F1 /* PIFormat.h */,
				DE4186BD21FD8A35001F71F1 /* PIGeneral.h */,
				DE4186B121FD8A34001F71F1 /* PIGetFileListSuite.h */,
				DE4186C121FD8A36001F71F1 /* PIGetPathSuite.h */,
				DE4186B921FD8A35001F71F1 /* PIHandleSuite.h */,
				DE4186A921FD8A33001F71F1 /* PIMeasurement.h */,
				DE4186A221FD8A32001F71F1 /* PIPatternsSuite.h */,
				DE4186A521FD8A33001F71F1 /* PIPicker.h */,
				DE4186A721FD8A33001F71F1 /* PIProgressSuite.h */,
				DE4186BC21FD8A35001F71F1 /* PIProperties.h */,
				DE4186AC21FD8A33001F71F1 /* PIResDefines.h */,
				DE4186AB21FD8A33001F71F1 /* PISelection.h */,
				DE4186C221FD8A36001F71F1 /* PIStringTerminology.h */,
				DE4186A821FD8A33001F71F1 /* PITerminology.h */,
				DE4186AA21FD8A33001F71F1 /* PITypes.h */,
				DE4186B021FD8A34001F71F1 /* PIUIHooksSuite.h */,
				DE4186C721FD8A36001F71F1 /* PSErrorDefines.h */,
				DE4186B721FD8A34001F71F1 /* PSGraphicTypes.h */,
				DE4186BF21FD8A35001F71F1 /* PSIntTypes.h */,
			);
			path = sdk;
			sourceTree = "<group>";
		};
/* End PBXGroup section */

/* Begin PBXNativeTarget section */
		DE41867F21FD8766001F71F1 /* PSPluginPOC */ = {
			isa = PBXNativeTarget;
			buildConfigurationList = DE41868621FD8766001F71F1 /* Build configuration list for PBXNativeTarget "PSPluginPOC" */;
			buildPhases = (
				DE41867C21FD8766001F71F1 /* Sources */,
				DE41867D21FD8766001F71F1 /* Frameworks */,
				DE41867E21FD8766001F71F1 /* Resources */,
			);
			buildRules = (
			);
			dependencies = (
			);
			name = PSPluginPOC;
			productName = PSPluginPOC;
			productReference = DE41868021FD8766001F71F1 /* PSPluginPOC.bundle */;
			productType = "com.apple.product-type.bundle";
		};
/* End PBXNativeTarget section */

/* Begin PBXProject section */
		DE41867821FD8766001F71F1 /* Project object */ = {
			isa = PBXProject;
			attributes = {
				LastUpgradeCheck = 1010;
				ORGANIZATIONNAME = Shavit;
				TargetAttributes = {
					DE41867F21FD8766001F71F1 = {
						CreatedOnToolsVersion = 10.1;
					};
				};
			};
			buildConfigurationList = DE41867B21FD8766001F71F1 /* Build configuration list for PBXProject "PSPluginPOC" */;
			compatibilityVersion = "Xcode 9.3";
			developmentRegion = en;
			hasScannedForEncodings = 0;
			knownRegions = (
				en,
			);
			mainGroup = DE41867721FD8766001F71F1;
			productRefGroup = DE41868121FD8766001F71F1 /* Products */;
			projectDirPath = "";
			projectRoot = "";
			targets = (
				DE41867F21FD8766001F71F1 /* PSPluginPOC */,
			);
		};
/* End PBXProject section */

/* Begin PBXResourcesBuildPhase section */
		DE41867E21FD8766001F71F1 /* Resources */ = {
			isa = PBXResourcesBuildPhase;
			buildActionMask = 2147483647;
			files = (
			);
			runOnlyForDeploymentPostprocessing = 0;
		};
/* End PBXResourcesBuildPhase section */

/* Begin PBXSourcesBuildPhase section */
		DE41867C21FD8766001F71F1 /* Sources */ = {
			isa = PBXSourcesBuildPhase;
			buildActionMask = 2147483647;
			files = (
			);
			runOnlyForDeploymentPostprocessing = 0;
		};
/* End PBXSourcesBuildPhase section */

/* Begin XCBuildConfiguration section */
		DE41868421FD8766001F71F1 /* Debug */ = {
			isa = XCBuildConfiguration;
			buildSettings = {
				ALWAYS_SEARCH_USER_PATHS = NO;
				CLANG_ANALYZER_NONNULL = YES;
				CLANG_ANALYZER_NUMBER_OBJECT_CONVERSION = YES_AGGRESSIVE;
				CLANG_CXX_LANGUAGE_STANDARD = "gnu++14";
				CLANG_CXX_LIBRARY = "libc++";
				CLANG_ENABLE_MODULES = YES;
				CLANG_ENABLE_OBJC_ARC = YES;
				CLANG_ENABLE_OBJC_WEAK = YES;
				CLANG_WARN_BLOCK_CAPTURE_AUTORELEASING = YES;
				CLANG_WARN_BOOL_CONVERSION = YES;
				CLANG_WARN_COMMA = YES;
				CLANG_WARN_CONSTANT_CONVERSION = YES;
				CLANG_WARN_DEPRECATED_OBJC_IMPLEMENTATIONS = YES;
				CLANG_WARN_DIRECT_OBJC_ISA_USAGE = YES_ERROR;
				CLANG_WARN_DOCUMENTATION_COMMENTS = YES;
				CLANG_WARN_EMPTY_BODY = YES;
				CLANG_WARN_ENUM_CONVERSION = YES;
				CLANG_WARN_INFINITE_RECURSION = YES;
				CLANG_WARN_INT_CONVERSION = YES;
				CLANG_WARN_NON_LITERAL_NULL_CONVERSION = YES;
				CLANG_WARN_OBJC_IMPLICIT_RETAIN_SELF = YES;
				CLANG_WARN_OBJC_LITERAL_CONVERSION = YES;
				CLANG_WARN_OBJC_ROOT_CLASS = YES_ERROR;
				CLANG_WARN_RANGE_LOOP_ANALYSIS = YES;
				CLANG_WARN_STRICT_PROTOTYPES = YES;
				CLANG_WARN_SUSPICIOUS_MOVE = YES;
				CLANG_WARN_UNGUARDED_AVAILABILITY = YES_AGGRESSIVE;
				CLANG_WARN_UNREACHABLE_CODE = YES;
				CLANG_WARN__DUPLICATE_METHOD_MATCH = YES;
				CODE_SIGN_IDENTITY = "-";
				COPY_PHASE_STRIP = NO;
				DEBUG_INFORMATION_FORMAT = dwarf;
				ENABLE_STRICT_OBJC_MSGSEND = YES;
				ENABLE_TESTABILITY = YES;
				GCC_C_LANGUAGE_STANDARD = gnu11;
				GCC_DYNAMIC_NO_PIC = NO;
				GCC_NO_COMMON_BLOCKS = YES;
				GCC_OPTIMIZATION_LEVEL = 0;
				GCC_PREPROCESSOR_DEFINITIONS = (
					"DEBUG=1",
					"$(inherited)",
				);
				GCC_WARN_64_TO_32_BIT_CONVERSION = YES;
				GCC_WARN_ABOUT_RETURN_TYPE = YES_ERROR;
				GCC_WARN_UNDECLARED_SELECTOR = YES;
				GCC_WARN_UNINITIALIZED_AUTOS = YES_AGGRESSIVE;
				GCC_WARN_UNUSED_FUNCTION = YES;
				GCC_WARN_UNUSED_VARIABLE = YES;
				MACOSX_DEPLOYMENT_TARGET = 10.13;
				MTL_ENABLE_DEBUG_INFO = INCLUDE_SOURCE;
				MTL_FAST_MATH = YES;
				ONLY_ACTIVE_ARCH = YES;
				SDKROOT = macosx;
			};
			name = Debug;
		};
		DE41868521FD8766001F71F1 /* Release */ = {
			isa = XCBuildConfiguration;
			buildSettings = {
				ALWAYS_SEARCH_USER_PATHS = NO;
				CLANG_ANALYZER_NONNULL = YES;
				CLANG_ANALYZER_NUMBER_OBJECT_CONVERSION = YES_AGGRESSIVE;
				CLANG_CXX_LANGUAGE_STANDARD = "gnu++14";
				CLANG_CXX_LIBRARY = "libc++";
				CLANG_ENABLE_MODULES = YES;
				CLANG_ENABLE_OBJC_ARC = YES;
				CLANG_ENABLE_OBJC_WEAK = YES;
				CLANG_WARN_BLOCK_CAPTURE_AUTORELEASING = YES;
				CLANG_WARN_BOOL_CONVERSION = YES;
				CLANG_WARN_COMMA = YES;
				CLANG_WARN_CONSTANT_CONVERSION = YES;
				CLANG_WARN_DEPRECATED_OBJC_IMPLEMENTATIONS = YES;
				CLANG_WARN_DIRECT_OBJC_ISA_USAGE = YES_ERROR;
				CLANG_WARN_DOCUMENTATION_COMMENTS = YES;
				CLANG_WARN_EMPTY_BODY = YES;
				CLANG_WARN_ENUM_CONVERSION = YES;
				CLANG_WARN_INFINITE_RECURSION = YES;
				CLANG_WARN_INT_CONVERSION = YES;
				CLANG_WARN_NON_LITERAL_NULL_CONVERSION = YES;
				CLANG_WARN_OBJC_IMPLICIT_RETAIN_SELF = YES;
				CLANG_WARN_OBJC_LITERAL_CONVERSION = YES;
				CLANG_WARN_OBJC_ROOT_CLASS = YES_ERROR;
				CLANG_WARN_RANGE_LOOP_ANALYSIS = YES;
				CLANG_WARN_STRICT_PROTOTYPES = YES;
				CLANG_WARN_SUSPICIOUS_MOVE = YES;
				CLANG_WARN_UNGUARDED_AVAILABILITY = YES_AGGRESSIVE;
				CLANG_WARN_UNREACHABLE_CODE = YES;
				CLANG_WARN__DUPLICATE_METHOD_MATCH = YES;
				CODE_SIGN_IDENTITY = "-";
				COPY_PHASE_STRIP = NO;
				DEBUG_INFORMATION_FORMAT = "dwarf-with-dsym";
				ENABLE_NS_ASSERTIONS = NO;
				ENABLE_STRICT_OBJC_MSGSEND = YES;
				GCC_C_LANGUAGE_STANDARD = gnu11;
				GCC_NO_COMMON_BLOCKS = YES;
				GCC_WARN_64_TO_32_BIT_CONVERSION = YES;
				GCC_WARN_ABOUT_RETURN_TYPE = YES_ERROR;
				GCC_WARN_UNDECLARED_SELECTOR = YES;
				GCC_WARN_UNINITIALIZED_AUTOS = YES_AGGRESSIVE;
				GCC_WARN_UNUSED_FUNCTION = YES;
				GCC_WARN_UNUSED_VARIABLE = YES;
				MACOSX_DEPLOYMENT_TARGET = 10.13;
				MTL_ENABLE_DEBUG_INFO = NO;
				MTL_FAST_MATH = YES;
				SDKROOT = macosx;
			};
			name = Release;
		};
		DE41868721FD8766001F71F1 /* Debug */ = {
			isa = XCBuildConfiguration;
			buildSettings = {
				CODE_SIGN_STYLE = Automatic;
				COMBINE_HIDPI_IMAGES = YES;
				INFOPLIST_FILE = PSPluginPOC/Info.plist;
				INSTALL_PATH = "$(LOCAL_LIBRARY_DIR)/Bundles";
				PRODUCT_BUNDLE_IDENTIFIER = com.shavittzuriel.PSPluginPOC;
				PRODUCT_NAME = "$(TARGET_NAME)";
				SKIP_INSTALL = YES;
				WRAPPER_EXTENSION = bundle;
			};
			name = Debug;
		};
		DE41868821FD8766001F71F1 /* Release */ = {
			isa = XCBuildConfiguration;
			buildSettings = {
				CODE_SIGN_STYLE = Automatic;
				COMBINE_HIDPI_IMAGES = YES;
				INFOPLIST_FILE = PSPluginPOC/Info.plist;
				INSTALL_PATH = "$(LOCAL_LIBRARY_DIR)/Bundles";
				PRODUCT_BUNDLE_IDENTIFIER = com.shavittzuriel.PSPluginPOC;
				PRODUCT_NAME = "$(TARGET_NAME)";
				SKIP_INSTALL = YES;
				WRAPPER_EXTENSION = bundle;
			};
			name = Release;
		};
/* End XCBuildConfiguration section */

/* Begin XCConfigurationList section */
		DE41867B21FD8766001F71F1 /* Build configuration list for PBXProject "PSPluginPOC" */ = {
			isa = XCConfigurationList;
			buildConfigurations = (
				DE41868421FD8766001F71F1 /* Debug */,
				DE41868521FD8766001F71F1 /* Release */,
			);
			defaultConfigurationIsVisible = 0;
			defaultConfigurationName = Release;
		};
		DE41868621FD8766001F71F1 /* Build configuration list for PBXNativeTarget "PSPluginPOC" */ = {
			isa = XCConfigurationList;
			buildConfigurations = (
				DE41868721FD8766001F71F1 /* Debug */,
				DE41868821FD8766001F71F1 /* Release */,
			);
			defaultConfigurationIsVisible = 0;
			defaultConfigurationName = Release;
		};
/* End XCConfigurationList section */
	};
	rootObject = DE41867821FD8766001F71F1 /* Project object */;
}
